
Microsoft Visual Studio Solution File, Format Version 12.00
# Visual Studio Version 17
VisualStudioVersion = 17.2.32519.379
MinimumVisualStudioVersion = 10.0.40219.1
Project("{9A19103F-16F7-4668-BE54-9A1E7A4F7556}") = "SquibbBot13K", "SquibbBot13K\SquibbBot13K.csproj", "{876F4A36-0CF8-4D20-889A-105679742FD1}"
EndProject
Project("{9A19103F-16F7-4668-BE54-9A1E7A4F7556}") = "SquibbBot13K.Discord.Bot", "SquibbBot13K.Discord.Bot\SquibbBot13K.Discord.Bot.csproj", "{F83E652F-0329-42AE-B09D-BEA5C020635D}"
EndProject
Project("{FAE04EC0-301F-11D3-BF4B-00C04F79EFBC}") = "SquibbBot13K.Blazor", "SquibbBot13K.Blazor\SquibbBot13K.Blazor\SquibbBot13K.Blazor.csproj", "{3C546B8C-28EA-4D90-B84E-22B95C4A5678}"
EndProject
Project("{FAE04EC0-301F-11D3-BF4B-00C04F79EFBC}") = "SquibbBot13K.Blazor.Client", "SquibbBot13K.Blazor\SquibbBot13K.Blazor.Client\SquibbBot13K.Blazor.Client.csproj", "{7E2C85F7-5C64-485B-942C-EA18C7ED060E}"
EndProject
Global
	GlobalSection(SolutionConfigurationPlatforms) = preSolution
		Debug|Any CPU = Debug|Any CPU
		Release|Any CPU = Release|Any CPU
	EndGlobalSection
	GlobalSection(ProjectConfigurationPlatforms) = postSolution
		{876F4A36-0CF8-4D20-889A-105679742FD1}.Debug|Any CPU.ActiveCfg = Debug|Any CPU
		{876F4A36-0CF8-4D20-889A-105679742FD1}.Debug|Any CPU.Build.0 = Debug|Any CPU
		{876F4A36-0CF8-4D20-889A-105679742FD1}.Release|Any CPU.ActiveCfg = Release|Any CPU
		{876F4A36-0CF8-4D20-889A-105679742FD1}.Release|Any CPU.Build.0 = Release|Any CPU
		{F83E652F-0329-42AE-B09D-BEA5C020635D}.Debug|Any CPU.ActiveCfg = Debug|Any CPU
		{F83E652F-0329-42AE-B09D-BEA5C020635D}.Debug|Any CPU.Build.0 = Debug|Any CPU
		{F83E652F-0329-42AE-B09D-BEA5C020635D}.Release|Any CPU.ActiveCfg = Release|Any CPU
		{F83E652F-0329-42AE-B09D-BEA5C020635D}.Release|Any CPU.Build.0 = Release|Any CPU
		{3C546B8C-28EA-4D90-B84E-22B95C4A5678}.Debug|Any CPU.ActiveCfg = Debug|Any CPU
		{3C546B8C-28EA-4D90-B84E-22B95C4A5678}.Debug|Any CPU.Build.0 = Debug|Any CPU
		{3C546B8C-28EA-4D90-B84E-22B95C4A5678}.Release|Any CPU.ActiveCfg = Release|Any CPU
		{3C546B8C-28EA-4D90-B84E-22B95C4A5678}.Release|Any CPU.Build.0 = Release|Any CPU
		{7E2C85F7-5C64-485B-942C-EA18C7ED060E}.Debug|Any CPU.ActiveCfg = Debug|Any CPU
		{7E2C85F7-5C64-485B-942C-EA18C7ED060E}.Debug|Any CPU.Build.0 = Debug|Any CPU
		{7E2C85F7-5C64-485B-942C-EA18C7ED060E}.Release|Any CPU.ActiveCfg = Release|Any CPU
		{7E2C85F7-5C64-485B-942C-EA18C7ED060E}.Release|Any CPU.Build.0 = Release|Any CPU
	EndGlobalSection
	GlobalSection(SolutionProperties) = preSolution
		HideSolutionNode = FALSE
	EndGlobalSection
	GlobalSection(ExtensibilityGlobals) = postSolution
		SolutionGuid = {E4A59439-00F5-47E2-A636-A7F06D7439D5}
	EndGlobalSection
EndGlobal
